
Microsoft Visual Studio Solution File, Format Version 12.00
# Visual Studio Version 16
VisualStudioVersion = 16.0.31205.134
MinimumVisualStudioVersion = 10.0.40219.1
Project("{FAE04EC0-301F-11D3-BF4B-00C04F79EFBC}") = "ClaimsApp", "ClaimsApp\ClaimsApp.csproj", "{CBBE9BF8-3386-45B2-A4EC-95954E6137EE}"
EndProject
Project("{FAE04EC0-301F-11D3-BF4B-00C04F79EFBC}") = "RepoTest", "RepoUnitTest\RepoTest.csproj", "{ACC116D8-7609-471C-8C41-26D5F57145AB}"
EndProject
Project("{FAE04EC0-301F-11D3-BF4B-00C04F79EFBC}") = "ClaimsClassLibrary", "Claim\ClaimsClassLibrary.csproj", "{55ED460A-B2AD-4BB5-869D-F09BE9B1E3B4}"
EndProject
Global
	GlobalSection(SolutionConfigurationPlatforms) = preSolution
		Debug|Any CPU = Debug|Any CPU
		Release|Any CPU = Release|Any CPU
	EndGlobalSection
	GlobalSection(ProjectConfigurationPlatforms) = postSolution
		{CBBE9BF8-3386-45B2-A4EC-95954E6137EE}.Debug|Any CPU.ActiveCfg = Debug|Any CPU
		{CBBE9BF8-3386-45B2-A4EC-95954E6137EE}.Debug|Any CPU.Build.0 = Debug|Any CPU
		{CBBE9BF8-3386-45B2-A4EC-95954E6137EE}.Release|Any CPU.ActiveCfg = Release|Any CPU
		{CBBE9BF8-3386-45B2-A4EC-95954E6137EE}.Release|Any CPU.Build.0 = Release|Any CPU
		{ACC116D8-7609-471C-8C41-26D5F57145AB}.Debug|Any CPU.ActiveCfg = Debug|Any CPU
		{ACC116D8-7609-471C-8C41-26D5F57145AB}.Debug|Any CPU.Build.0 = Debug|Any CPU
		{ACC116D8-7609-471C-8C41-26D5F57145AB}.Release|Any CPU.ActiveCfg = Release|Any CPU
		{ACC116D8-7609-471C-8C41-26D5F57145AB}.Release|Any CPU.Build.0 = Release|Any CPU
		{55ED460A-B2AD-4BB5-869D-F09BE9B1E3B4}.Debug|Any CPU.ActiveCfg = Debug|Any CPU
		{55ED460A-B2AD-4BB5-869D-F09BE9B1E3B4}.Debug|Any CPU.Build.0 = Debug|Any CPU
		{55ED460A-B2AD-4BB5-869D-F09BE9B1E3B4}.Release|Any CPU.ActiveCfg = Release|Any CPU
		{55ED460A-B2AD-4BB5-869D-F09BE9B1E3B4}.Release|Any CPU.Build.0 = Release|Any CPU
	EndGlobalSection
	GlobalSection(SolutionProperties) = preSolution
		HideSolutionNode = FALSE
	EndGlobalSection
	GlobalSection(ExtensibilityGlobals) = postSolution
		SolutionGuid = {A8D53915-FE0D-443E-AC96-AD00FEECA15C}
	EndGlobalSection
EndGlobal
